
Microsoft Visual Studio Solution File, Format Version 12.00
# Visual Studio Version 16
VisualStudioVersion = 16.0.30011.22
MinimumVisualStudioVersion = 10.0.40219.1
Project("{FAE04EC0-301F-11D3-BF4B-00C04F79EFBC}") = "Abax", "Abax\Abax.csproj", "{9FAAC51B-991B-49DB-8016-AE3ADC14113F}"
EndProject
Global
	GlobalSection(SolutionConfigurationPlatforms) = preSolution
		Debug|Any CPU = Debug|Any CPU
		Release|Any CPU = Release|Any CPU
	EndGlobalSection
	GlobalSection(ProjectConfigurationPlatforms) = postSolution
		{9FAAC51B-991B-49DB-8016-AE3ADC14113F}.Debug|Any CPU.ActiveCfg = Debug|Any CPU
		{9FAAC51B-991B-49DB-8016-AE3ADC14113F}.Debug|Any CPU.Build.0 = Debug|Any CPU
		{9FAAC51B-991B-49DB-8016-AE3ADC14113F}.Release|Any CPU.ActiveCfg = Release|Any CPU
		{9FAAC51B-991B-49DB-8016-AE3ADC14113F}.Release|Any CPU.Build.0 = Release|Any CPU
	EndGlobalSection
	GlobalSection(SolutionProperties) = preSolution
		HideSolutionNode = FALSE
	EndGlobalSection
	GlobalSection(ExtensibilityGlobals) = postSolution
		SolutionGuid = {AFE1CAFE-70B7-41B9-891E-8E4B8D370568}
	EndGlobalSection
EndGlobal
